
Microsoft Visual Studio Solution File, Format Version 12.00
# Visual Studio Version 17
VisualStudioVersion = 17.10.35013.160
MinimumVisualStudioVersion = 10.0.40219.1
Project("{FAE04EC0-301F-11D3-BF4B-00C04F79EFBC}") = "T5 if statments question 2", "T5 if statments question 2.csproj", "{5904B92F-F8E2-491B-AFB6-F7EA0306F131}"
EndProject
Global
	GlobalSection(SolutionConfigurationPlatforms) = preSolution
		Debug|Any CPU = Debug|Any CPU
		Release|Any CPU = Release|Any CPU
	EndGlobalSection
	GlobalSection(ProjectConfigurationPlatforms) = postSolution
		{5904B92F-F8E2-491B-AFB6-F7EA0306F131}.Debug|Any CPU.ActiveCfg = Debug|Any CPU
		{5904B92F-F8E2-491B-AFB6-F7EA0306F131}.Debug|Any CPU.Build.0 = Debug|Any CPU
		{5904B92F-F8E2-491B-AFB6-F7EA0306F131}.Release|Any CPU.ActiveCfg = Release|Any CPU
		{5904B92F-F8E2-491B-AFB6-F7EA0306F131}.Release|Any CPU.Build.0 = Release|Any CPU
	EndGlobalSection
	GlobalSection(SolutionProperties) = preSolution
		HideSolutionNode = FALSE
	EndGlobalSection
	GlobalSection(ExtensibilityGlobals) = postSolution
		SolutionGuid = {48052D74-0489-49BE-8C3A-77DBE2135CCE}
	EndGlobalSection
EndGlobal
